
Microsoft Visual Studio Solution File, Format Version 12.00
# Visual Studio 15
VisualStudioVersion = 15.0.28010.2016
MinimumVisualStudioVersion = 10.0.40219.1
Project("{9A19103F-16F7-4668-BE54-9A1E7A4F7556}") = "Logbook", "Logbook\Logbook.csproj", "{49D17D84-193F-48FF-8429-7FB2A6284C85}"
EndProject
Project("{FAE04EC0-301F-11D3-BF4B-00C04F79EFBC}") = "LogbookUnitTests", "LogbookUnitTests\LogbookUnitTests.csproj", "{F245227B-90E0-402F-9DBA-9BDD9DA1CE06}"
EndProject
Global
	GlobalSection(SolutionConfigurationPlatforms) = preSolution
		Debug|Any CPU = Debug|Any CPU
		Release|Any CPU = Release|Any CPU
	EndGlobalSection
	GlobalSection(ProjectConfigurationPlatforms) = postSolution
		{49D17D84-193F-48FF-8429-7FB2A6284C85}.Debug|Any CPU.ActiveCfg = Debug|Any CPU
		{49D17D84-193F-48FF-8429-7FB2A6284C85}.Debug|Any CPU.Build.0 = Debug|Any CPU
		{49D17D84-193F-48FF-8429-7FB2A6284C85}.Release|Any CPU.ActiveCfg = Release|Any CPU
		{49D17D84-193F-48FF-8429-7FB2A6284C85}.Release|Any CPU.Build.0 = Release|Any CPU
		{F245227B-90E0-402F-9DBA-9BDD9DA1CE06}.Debug|Any CPU.ActiveCfg = Debug|Any CPU
		{F245227B-90E0-402F-9DBA-9BDD9DA1CE06}.Debug|Any CPU.Build.0 = Debug|Any CPU
		{F245227B-90E0-402F-9DBA-9BDD9DA1CE06}.Release|Any CPU.ActiveCfg = Release|Any CPU
		{F245227B-90E0-402F-9DBA-9BDD9DA1CE06}.Release|Any CPU.Build.0 = Release|Any CPU
	EndGlobalSection
	GlobalSection(SolutionProperties) = preSolution
		HideSolutionNode = FALSE
	EndGlobalSection
	GlobalSection(ExtensibilityGlobals) = postSolution
		SolutionGuid = {F2F0A955-CBC8-4001-9A1E-F61C57C17FCA}
	EndGlobalSection
EndGlobal
